
Microsoft Visual Studio Solution File, Format Version 12.00
# Visual Studio Version 17
VisualStudioVersion = 17.9.34701.34
MinimumVisualStudioVersion = 10.0.40219.1
Project("{FAE04EC0-301F-11D3-BF4B-00C04F79EFBC}") = "AppointmentManagementAPI", "AppointmentManagementAPI\AppointmentManagementAPI.csproj", "{D4E36691-D735-4B58-A3A7-D700C1353DFA}"
EndProject
Global
	GlobalSection(SolutionConfigurationPlatforms) = preSolution
		Debug|Any CPU = Debug|Any CPU
		Release|Any CPU = Release|Any CPU
	EndGlobalSection
	GlobalSection(ProjectConfigurationPlatforms) = postSolution
		{D4E36691-D735-4B58-A3A7-D700C1353DFA}.Debug|Any CPU.ActiveCfg = Debug|Any CPU
		{D4E36691-D735-4B58-A3A7-D700C1353DFA}.Debug|Any CPU.Build.0 = Debug|Any CPU
		{D4E36691-D735-4B58-A3A7-D700C1353DFA}.Release|Any CPU.ActiveCfg = Release|Any CPU
		{D4E36691-D735-4B58-A3A7-D700C1353DFA}.Release|Any CPU.Build.0 = Release|Any CPU
	EndGlobalSection
	GlobalSection(SolutionProperties) = preSolution
		HideSolutionNode = FALSE
	EndGlobalSection
	GlobalSection(ExtensibilityGlobals) = postSolution
		SolutionGuid = {74E4A855-5061-4A3F-9350-D411EA2CFFB2}
	EndGlobalSection
EndGlobal
